{
  "requires": true,
  "lockfileVersion": 1,
  "dependencies": {
    "iso-639-3": {
      "version": "2.1.0",
      "resolved": "https://registry.npmjs.org/iso-639-3/-/iso-639-3-2.1.0.tgz",
      "integrity": "sha512-NYcq+YfrCFVGw/xWhRB9mhCSWxlOxYv3eK3WzWzc86P8huEZ7UDQq8Bu0zKqpZFOdq221Gy8VWWLr1aaYc+FJA=="
    }
  }
}
